// !$*UTF8*$!
{
	archiveVersion = 1;
	classes = {
	};
	objectVersion = 50;
	objects = {

/* Begin PBXBuildFile section */
		CF0A4C022343BF09004AB372 /* MulticastDelegate.swift in Sources */ = {isa = PBXBuildFile; fileRef = CF0A4C012343BF09004AB372 /* MulticastDelegate.swift */; };
		CF0C0D3C2334F51A00B551A7 /* ContactDetailViewController.swift in Sources */ = {isa = PBXBuildFile; fileRef = CF0C0D3B2334F51A00B551A7 /* ContactDetailViewController.swift */; };
		CF3E2D2F2379953700115007 /* UITextField+Validation.swift in Sources */ = {isa = PBXBuildFile; fileRef = CF3E2D2E2379953700115007 /* UITextField+Validation.swift */; };
		CF3E2D312379E09200115007 /* Validators.swift in Sources */ = {isa = PBXBuildFile; fileRef = CF3E2D302379E09200115007 /* Validators.swift */; };
		CF405880232A63A800B30F8A /* ContactEditionViewController.swift in Sources */ = {isa = PBXBuildFile; fileRef = CF40587F232A63A800B30F8A /* ContactEditionViewController.swift */; };
		CF5D7CC0234B74B9003FACEB /* CustomCell.swift in Sources */ = {isa = PBXBuildFile; fileRef = CF5D7CBE234B74B9003FACEB /* CustomCell.swift */; };
		CF69E1AF2327C972009A0547 /* Contact.swift in Sources */ = {isa = PBXBuildFile; fileRef = CF69E1AE2327C972009A0547 /* Contact.swift */; };
		CF6AF1D12347582E00D5E3DA /* Notification.Name.swift in Sources */ = {isa = PBXBuildFile; fileRef = CF6AF1D02347582E00D5E3DA /* Notification.Name.swift */; };
		CF7178152350D02B0029ECB1 /* Repository.swift in Sources */ = {isa = PBXBuildFile; fileRef = CF7178142350D02B0029ECB1 /* Repository.swift */; };
		CF7F58952388081500B0D825 /* UITableView+EmptyView.swift in Sources */ = {isa = PBXBuildFile; fileRef = CF7F58942388081500B0D825 /* UITableView+EmptyView.swift */; };
		CF7F5897238870CF00B0D825 /* UIButton+ComplitionHandler.swift in Sources */ = {isa = PBXBuildFile; fileRef = CF7F5896238870CF00B0D825 /* UIButton+ComplitionHandler.swift */; };
		CFAC29DC23257EBE0055DCFA /* AppDelegate.swift in Sources */ = {isa = PBXBuildFile; fileRef = CFAC29DB23257EBE0055DCFA /* AppDelegate.swift */; };
		CFAC29DE23257EBE0055DCFA /* ContactsListViewController.swift in Sources */ = {isa = PBXBuildFile; fileRef = CFAC29DD23257EBE0055DCFA /* ContactsListViewController.swift */; };
		CFAC29E123257EBE0055DCFA /* Main.storyboard in Resources */ = {isa = PBXBuildFile; fileRef = CFAC29DF23257EBE0055DCFA /* Main.storyboard */; };
		CFAC29E323257EBF0055DCFA /* Assets.xcassets in Resources */ = {isa = PBXBuildFile; fileRef = CFAC29E223257EBF0055DCFA /* Assets.xcassets */; };
		CFAC29E623257EBF0055DCFA /* LaunchScreen.storyboard in Resources */ = {isa = PBXBuildFile; fileRef = CFAC29E423257EBF0055DCFA /* LaunchScreen.storyboard */; };
/* End PBXBuildFile section */

/* Begin PBXFileReference section */
		CF0A4C012343BF09004AB372 /* MulticastDelegate.swift */ = {isa = PBXFileReference; lastKnownFileType = sourcecode.swift; path = MulticastDelegate.swift; sourceTree = "<group>"; };
		CF0C0D3B2334F51A00B551A7 /* ContactDetailViewController.swift */ = {isa = PBXFileReference; lastKnownFileType = sourcecode.swift; path = ContactDetailViewController.swift; sourceTree = "<group>"; };
		CF3E2D2E2379953700115007 /* UITextField+Validation.swift */ = {isa = PBXFileReference; lastKnownFileType = sourcecode.swift; path = "UITextField+Validation.swift"; sourceTree = "<group>"; };
		CF3E2D302379E09200115007 /* Validators.swift */ = {isa = PBXFileReference; lastKnownFileType = sourcecode.swift; path = Validators.swift; sourceTree = "<group>"; };
		CF40587F232A63A800B30F8A /* ContactEditionViewController.swift */ = {isa = PBXFileReference; lastKnownFileType = sourcecode.swift; path = ContactEditionViewController.swift; sourceTree = "<group>"; };
		CF5D7CBF234B74B9003FACEB /* Base */ = {isa = PBXFileReference; lastKnownFileType = sourcecode.swift; name = Base; path = Resources/Base.lproj/CustomCell.swift; sourceTree = "<group>"; };
		CF69E1AE2327C972009A0547 /* Contact.swift */ = {isa = PBXFileReference; lastKnownFileType = sourcecode.swift; path = Contact.swift; sourceTree = "<group>"; };
		CF6AF1D02347582E00D5E3DA /* Notification.Name.swift */ = {isa = PBXFileReference; lastKnownFileType = sourcecode.swift; path = Notification.Name.swift; sourceTree = "<group>"; };
		CF7178142350D02B0029ECB1 /* Repository.swift */ = {isa = PBXFileReference; fileEncoding = 4; lastKnownFileType = sourcecode.swift; path = Repository.swift; sourceTree = "<group>"; };
		CF7F58942388081500B0D825 /* UITableView+EmptyView.swift */ = {isa = PBXFileReference; lastKnownFileType = sourcecode.swift; path = "UITableView+EmptyView.swift"; sourceTree = "<group>"; };
		CF7F5896238870CF00B0D825 /* UIButton+ComplitionHandler.swift */ = {isa = PBXFileReference; lastKnownFileType = sourcecode.swift; path = "UIButton+ComplitionHandler.swift"; sourceTree = "<group>"; };
		CFAC29D823257EBE0055DCFA /* Contacts.app */ = {isa = PBXFileReference; explicitFileType = wrapper.application; includeInIndex = 0; path = Contacts.app; sourceTree = BUILT_PRODUCTS_DIR; };
		CFAC29DB23257EBE0055DCFA /* AppDelegate.swift */ = {isa = PBXFileReference; lastKnownFileType = sourcecode.swift; path = AppDelegate.swift; sourceTree = "<group>"; };
		CFAC29DD23257EBE0055DCFA /* ContactsListViewController.swift */ = {isa = PBXFileReference; lastKnownFileType = sourcecode.swift; path = ContactsListViewController.swift; sourceTree = "<group>"; };
		CFAC29E023257EBE0055DCFA /* Base */ = {isa = PBXFileReference; lastKnownFileType = file.storyboard; name = Base; path = Base.lproj/Main.storyboard; sourceTree = "<group>"; };
		CFAC29E223257EBF0055DCFA /* Assets.xcassets */ = {isa = PBXFileReference; lastKnownFileType = folder.assetcatalog; path = Assets.xcassets; sourceTree = "<group>"; };
		CFAC29E523257EBF0055DCFA /* Base */ = {isa = PBXFileReference; lastKnownFileType = file.storyboard; name = Base; path = Base.lproj/LaunchScreen.storyboard; sourceTree = "<group>"; };
		CFAC29E723257EBF0055DCFA /* Info.plist */ = {isa = PBXFileReference; lastKnownFileType = text.plist.xml; path = Info.plist; sourceTree = "<group>"; };
/* End PBXFileReference section */

/* Begin PBXFrameworksBuildPhase section */
		CFAC29D523257EBE0055DCFA /* Frameworks */ = {
			isa = PBXFrameworksBuildPhase;
			buildActionMask = 2147483647;
			files = (
			);
			runOnlyForDeploymentPostprocessing = 0;
		};
/* End PBXFrameworksBuildPhase section */

/* Begin PBXGroup section */
		CF0A4BFE2343BDDF004AB372 /* Model */ = {
			isa = PBXGroup;
			children = (
				CF7178142350D02B0029ECB1 /* Repository.swift */,
				CF69E1AE2327C972009A0547 /* Contact.swift */,
			);
			path = Model;
			sourceTree = "<group>";
		};
		CF0A4BFF2343BE1B004AB372 /* Controller */ = {
			isa = PBXGroup;
			children = (
				CFAC29DD23257EBE0055DCFA /* ContactsListViewController.swift */,
				CF0C0D3B2334F51A00B551A7 /* ContactDetailViewController.swift */,
				CF40587F232A63A800B30F8A /* ContactEditionViewController.swift */,
			);
			path = Controller;
			sourceTree = "<group>";
		};
		CF0A4C002343BE6C004AB372 /* Resources */ = {
			isa = PBXGroup;
			children = (
				CFAC29E223257EBF0055DCFA /* Assets.xcassets */,
				CFAC29E723257EBF0055DCFA /* Info.plist */,
			);
			path = Resources;
			sourceTree = "<group>";
		};
		CF0A4C032343BF97004AB372 /* Helper */ = {
			isa = PBXGroup;
			children = (
				CF0A4C012343BF09004AB372 /* MulticastDelegate.swift */,
				CF3E2D302379E09200115007 /* Validators.swift */,
			);
			path = Helper;
			sourceTree = "<group>";
		};
		CF148A2323FD3EF300C162FB /* View */ = {
			isa = PBXGroup;
			children = (
				CFAC29DF23257EBE0055DCFA /* Main.storyboard */,
				CFAC29E423257EBF0055DCFA /* LaunchScreen.storyboard */,
				CFF533CF239A827A001BB606 /* Cells */,
			);
			path = View;
			sourceTree = "<group>";
		};
		CF6AF1D22347583F00D5E3DA /* Extensions */ = {
			isa = PBXGroup;
			children = (
				CF7F58942388081500B0D825 /* UITableView+EmptyView.swift */,
				CF3E2D2E2379953700115007 /* UITextField+Validation.swift */,
				CF7F5896238870CF00B0D825 /* UIButton+ComplitionHandler.swift */,
				CF6AF1D02347582E00D5E3DA /* Notification.Name.swift */,
			);
			path = Extensions;
			sourceTree = "<group>";
		};
		CFAC29CF23257EBE0055DCFA = {
			isa = PBXGroup;
			children = (
				CFAC29DA23257EBE0055DCFA /* Contacts */,
				CFAC29D923257EBE0055DCFA /* Products */,
			);
			sourceTree = "<group>";
		};
		CFAC29D923257EBE0055DCFA /* Products */ = {
			isa = PBXGroup;
			children = (
				CFAC29D823257EBE0055DCFA /* Contacts.app */,
			);
			name = Products;
			sourceTree = "<group>";
		};
		CFAC29DA23257EBE0055DCFA /* Contacts */ = {
			isa = PBXGroup;
			children = (
				CFAC29DB23257EBE0055DCFA /* AppDelegate.swift */,
				CF0A4BFE2343BDDF004AB372 /* Model */,
				CF148A2323FD3EF300C162FB /* View */,
				CF0A4BFF2343BE1B004AB372 /* Controller */,
				CF0A4C002343BE6C004AB372 /* Resources */,
				CF0A4C032343BF97004AB372 /* Helper */,
				CF6AF1D22347583F00D5E3DA /* Extensions */,
			);
			path = Contacts;
			sourceTree = "<group>";
		};
		CFF533CF239A827A001BB606 /* Cells */ = {
			isa = PBXGroup;
			children = (
				CF5D7CBE234B74B9003FACEB /* CustomCell.swift */,
			);
			path = Cells;
			sourceTree = "<group>";
		};
/* End PBXGroup section */

/* Begin PBXNativeTarget section */
		CFAC29D723257EBE0055DCFA /* Contacts */ = {
			isa = PBXNativeTarget;
			buildConfigurationList = CFAC29EA23257EBF0055DCFA /* Build configuration list for PBXNativeTarget "Contacts" */;
			buildPhases = (
				CFAC29D423257EBE0055DCFA /* Sources */,
				CFAC29D523257EBE0055DCFA /* Frameworks */,
				CFAC29D623257EBE0055DCFA /* Resources */,
			);
			buildRules = (
			);
			dependencies = (
			);
			name = Contacts;
			productName = Contacts;
			productReference = CFAC29D823257EBE0055DCFA /* Contacts.app */;
			productType = "com.apple.product-type.application";
		};
/* End PBXNativeTarget section */

/* Begin PBXProject section */
		CFAC29D023257EBE0055DCFA /* Project object */ = {
			isa = PBXProject;
			attributes = {
				LastSwiftUpdateCheck = 1030;
				LastUpgradeCheck = 1030;
				ORGANIZATIONNAME = checastro.com;
				TargetAttributes = {
					CFAC29D723257EBE0055DCFA = {
						CreatedOnToolsVersion = 10.3;
					};
				};
			};
			buildConfigurationList = CFAC29D323257EBE0055DCFA /* Build configuration list for PBXProject "Contacts" */;
			compatibilityVersion = "Xcode 9.3";
			developmentRegion = en;
			hasScannedForEncodings = 0;
			knownRegions = (
				en,
				Base,
			);
			mainGroup = CFAC29CF23257EBE0055DCFA;
			productRefGroup = CFAC29D923257EBE0055DCFA /* Products */;
			projectDirPath = "";
			projectRoot = "";
			targets = (
				CFAC29D723257EBE0055DCFA /* Contacts */,
			);
		};
/* End PBXProject section */

/* Begin PBXResourcesBuildPhase section */
		CFAC29D623257EBE0055DCFA /* Resources */ = {
			isa = PBXResourcesBuildPhase;
			buildActionMask = 2147483647;
			files = (
				CFAC29E623257EBF0055DCFA /* LaunchScreen.storyboard in Resources */,
				CFAC29E323257EBF0055DCFA /* Assets.xcassets in Resources */,
				CFAC29E123257EBE0055DCFA /* Main.storyboard in Resources */,
			);
			runOnlyForDeploymentPostprocessing = 0;
		};
/* End PBXResourcesBuildPhase section */

/* Begin PBXSourcesBuildPhase section */
		CFAC29D423257EBE0055DCFA /* Sources */ = {
			isa = PBXSourcesBuildPhase;
			buildActionMask = 2147483647;
			files = (
				CF69E1AF2327C972009A0547 /* Contact.swift in Sources */,
				CF0C0D3C2334F51A00B551A7 /* ContactDetailViewController.swift in Sources */,
				CFAC29DE23257EBE0055DCFA /* ContactsListViewController.swift in Sources */,
				CF405880232A63A800B30F8A /* ContactEditionViewController.swift in Sources */,
				CF7F58952388081500B0D825 /* UITableView+EmptyView.swift in Sources */,
				CF3E2D312379E09200115007 /* Validators.swift in Sources */,
				CF3E2D2F2379953700115007 /* UITextField+Validation.swift in Sources */,
				CF7F5897238870CF00B0D825 /* UIButton+ComplitionHandler.swift in Sources */,
				CFAC29DC23257EBE0055DCFA /* AppDelegate.swift in Sources */,
				CF0A4C022343BF09004AB372 /* MulticastDelegate.swift in Sources */,
				CF5D7CC0234B74B9003FACEB /* CustomCell.swift in Sources */,
				CF6AF1D12347582E00D5E3DA /* Notification.Name.swift in Sources */,
				CF7178152350D02B0029ECB1 /* Repository.swift in Sources */,
			);
			runOnlyForDeploymentPostprocessing = 0;
		};
/* End PBXSourcesBuildPhase section */

/* Begin PBXVariantGroup section */
		CF5D7CBE234B74B9003FACEB /* CustomCell.swift */ = {
			isa = PBXVariantGroup;
			children = (
				CF5D7CBF234B74B9003FACEB /* Base */,
			);
			name = CustomCell.swift;
			sourceTree = "<group>";
		};
		CFAC29DF23257EBE0055DCFA /* Main.storyboard */ = {
			isa = PBXVariantGroup;
			children = (
				CFAC29E023257EBE0055DCFA /* Base */,
			);
			name = Main.storyboard;
			sourceTree = "<group>";
		};
		CFAC29E423257EBF0055DCFA /* LaunchScreen.storyboard */ = {
			isa = PBXVariantGroup;
			children = (
				CFAC29E523257EBF0055DCFA /* Base */,
			);
			name = LaunchScreen.storyboard;
			sourceTree = "<group>";
		};
/* End PBXVariantGroup section */

/* Begin XCBuildConfiguration section */
		CFAC29E823257EBF0055DCFA /* Debug */ = {
			isa = XCBuildConfiguration;
			buildSettings = {
				ALWAYS_SEARCH_USER_PATHS = NO;
				CLANG_ANALYZER_NONNULL = YES;
				CLANG_ANALYZER_NUMBER_OBJECT_CONVERSION = YES_AGGRESSIVE;
				CLANG_CXX_LANGUAGE_STANDARD = "gnu++14";
				CLANG_CXX_LIBRARY = "libc++";
				CLANG_ENABLE_MODULES = YES;
				CLANG_ENABLE_OBJC_ARC = YES;
				CLANG_ENABLE_OBJC_WEAK = YES;
				CLANG_WARN_BLOCK_CAPTURE_AUTORELEASING = YES;
				CLANG_WARN_BOOL_CONVERSION = YES;
				CLANG_WARN_COMMA = YES;
				CLANG_WARN_CONSTANT_CONVERSION = YES;
				CLANG_WARN_DEPRECATED_OBJC_IMPLEMENTATIONS = YES;
				CLANG_WARN_DIRECT_OBJC_ISA_USAGE = YES_ERROR;
				CLANG_WARN_DOCUMENTATION_COMMENTS = YES;
				CLANG_WARN_EMPTY_BODY = YES;
				CLANG_WARN_ENUM_CONVERSION = YES;
				CLANG_WARN_INFINITE_RECURSION = YES;
				CLANG_WARN_INT_CONVERSION = YES;
				CLANG_WARN_NON_LITERAL_NULL_CONVERSION = YES;
				CLANG_WARN_OBJC_IMPLICIT_RETAIN_SELF = YES;
				CLANG_WARN_OBJC_LITERAL_CONVERSION = YES;
				CLANG_WARN_OBJC_ROOT_CLASS = YES_ERROR;
				CLANG_WARN_RANGE_LOOP_ANALYSIS = YES;
				CLANG_WARN_STRICT_PROTOTYPES = YES;
				CLANG_WARN_SUSPICIOUS_MOVE = YES;
				CLANG_WARN_UNGUARDED_AVAILABILITY = YES_AGGRESSIVE;
				CLANG_WARN_UNREACHABLE_CODE = YES;
				CLANG_WARN__DUPLICATE_METHOD_MATCH = YES;
				CODE_SIGN_IDENTITY = "iPhone Developer";
				COPY_PHASE_STRIP = NO;
				DEBUG_INFORMATION_FORMAT = dwarf;
				ENABLE_STRICT_OBJC_MSGSEND = YES;
				ENABLE_TESTABILITY = YES;
				GCC_C_LANGUAGE_STANDARD = gnu11;
				GCC_DYNAMIC_NO_PIC = NO;
				GCC_NO_COMMON_BLOCKS = YES;
				GCC_OPTIMIZATION_LEVEL = 0;
				GCC_PREPROCESSOR_DEFINITIONS = (
					"DEBUG=1",
					"$(inherited)",
				);
				GCC_WARN_64_TO_32_BIT_CONVERSION = YES;
				GCC_WARN_ABOUT_RETURN_TYPE = YES_ERROR;
				GCC_WARN_UNDECLARED_SELECTOR = YES;
				GCC_WARN_UNINITIALIZED_AUTOS = YES_AGGRESSIVE;
				GCC_WARN_UNUSED_FUNCTION = YES;
				GCC_WARN_UNUSED_VARIABLE = YES;
				IPHONEOS_DEPLOYMENT_TARGET = 12.4;
				MTL_ENABLE_DEBUG_INFO = INCLUDE_SOURCE;
				MTL_FAST_MATH = YES;
				ONLY_ACTIVE_ARCH = YES;
				SDKROOT = iphoneos;
				SWIFT_ACTIVE_COMPILATION_CONDITIONS = DEBUG;
				SWIFT_OPTIMIZATION_LEVEL = "-Onone";
			};
			name = Debug;
		};
		CFAC29E923257EBF0055DCFA /* Release */ = {
			isa = XCBuildConfiguration;
			buildSettings = {
				ALWAYS_SEARCH_USER_PATHS = NO;
				CLANG_ANALYZER_NONNULL = YES;
				CLANG_ANALYZER_NUMBER_OBJECT_CONVERSION = YES_AGGRESSIVE;
				CLANG_CXX_LANGUAGE_STANDARD = "gnu++14";
				CLANG_CXX_LIBRARY = "libc++";
				CLANG_ENABLE_MODULES = YES;
				CLANG_ENABLE_OBJC_ARC = YES;
				CLANG_ENABLE_OBJC_WEAK = YES;
				CLANG_WARN_BLOCK_CAPTURE_AUTORELEASING = YES;
				CLANG_WARN_BOOL_CONVERSION = YES;
				CLANG_WARN_COMMA = YES;
				CLANG_WARN_CONSTANT_CONVERSION = YES;
				CLANG_WARN_DEPRECATED_OBJC_IMPLEMENTATIONS = YES;
				CLANG_WARN_DIRECT_OBJC_ISA_USAGE = YES_ERROR;
				CLANG_WARN_DOCUMENTATION_COMMENTS = YES;
				CLANG_WARN_EMPTY_BODY = YES;
				CLANG_WARN_ENUM_CONVERSION = YES;
				CLANG_WARN_INFINITE_RECURSION = YES;
				CLANG_WARN_INT_CONVERSION = YES;
				CLANG_WARN_NON_LITERAL_NULL_CONVERSION = YES;
				CLANG_WARN_OBJC_IMPLICIT_RETAIN_SELF = YES;
				CLANG_WARN_OBJC_LITERAL_CONVERSION = YES;
				CLANG_WARN_OBJC_ROOT_CLASS = YES_ERROR;
				CLANG_WARN_RANGE_LOOP_ANALYSIS = YES;
				CLANG_WARN_STRICT_PROTOTYPES = YES;
				CLANG_WARN_SUSPICIOUS_MOVE = YES;
				CLANG_WARN_UNGUARDED_AVAILABILITY = YES_AGGRESSIVE;
				CLANG_WARN_UNREACHABLE_CODE = YES;
				CLANG_WARN__DUPLICATE_METHOD_MATCH = YES;
				CODE_SIGN_IDENTITY = "iPhone Developer";
				COPY_PHASE_STRIP = NO;
				DEBUG_INFORMATION_FORMAT = "dwarf-with-dsym";
				ENABLE_NS_ASSERTIONS = NO;
				ENABLE_STRICT_OBJC_MSGSEND = YES;
				GCC_C_LANGUAGE_STANDARD = gnu11;
				GCC_NO_COMMON_BLOCKS = YES;
				GCC_WARN_64_TO_32_BIT_CONVERSION = YES;
				GCC_WARN_ABOUT_RETURN_TYPE = YES_ERROR;
				GCC_WARN_UNDECLARED_SELECTOR = YES;
				GCC_WARN_UNINITIALIZED_AUTOS = YES_AGGRESSIVE;
				GCC_WARN_UNUSED_FUNCTION = YES;
				GCC_WARN_UNUSED_VARIABLE = YES;
				IPHONEOS_DEPLOYMENT_TARGET = 12.4;
				MTL_ENABLE_DEBUG_INFO = NO;
				MTL_FAST_MATH = YES;
				SDKROOT = iphoneos;
				SWIFT_COMPILATION_MODE = wholemodule;
				SWIFT_OPTIMIZATION_LEVEL = "-O";
				VALIDATE_PRODUCT = YES;
			};
			name = Release;
		};
		CFAC29EB23257EBF0055DCFA /* Debug */ = {
			isa = XCBuildConfiguration;
			buildSettings = {
				ASSETCATALOG_COMPILER_APPICON_NAME = AppIcon;
				CODE_SIGN_STYLE = Automatic;
				DEVELOPMENT_TEAM = 2Z67B8Q5NM;
				INFOPLIST_FILE = "$(SRCROOT)/Contacts/Resources/Info.plist";
				LD_RUNPATH_SEARCH_PATHS = (
					"$(inherited)",
					"@executable_path/Frameworks",
				);
				PRODUCT_BUNDLE_IDENTIFIER = com.checastro.Contacts;
				PRODUCT_NAME = "$(TARGET_NAME)";
				SWIFT_VERSION = 5.0;
				TARGETED_DEVICE_FAMILY = "1,2";
			};
			name = Debug;
		};
		CFAC29EC23257EBF0055DCFA /* Release */ = {
			isa = XCBuildConfiguration;
			buildSettings = {
				ASSETCATALOG_COMPILER_APPICON_NAME = AppIcon;
				CODE_SIGN_STYLE = Automatic;
				DEVELOPMENT_TEAM = 2Z67B8Q5NM;
				INFOPLIST_FILE = "$(SRCROOT)/Contacts/Resources/Info.plist";
				LD_RUNPATH_SEARCH_PATHS = (
					"$(inherited)",
					"@executable_path/Frameworks",
				);
				PRODUCT_BUNDLE_IDENTIFIER = com.checastro.Contacts;
				PRODUCT_NAME = "$(TARGET_NAME)";
				SWIFT_VERSION = 5.0;
				TARGETED_DEVICE_FAMILY = "1,2";
			};
			name = Release;
		};
/* End XCBuildConfiguration section */

/* Begin XCConfigurationList section */
		CFAC29D323257EBE0055DCFA /* Build configuration list for PBXProject "Contacts" */ = {
			isa = XCConfigurationList;
			buildConfigurations = (
				CFAC29E823257EBF0055DCFA /* Debug */,
				CFAC29E923257EBF0055DCFA /* Release */,
			);
			defaultConfigurationIsVisible = 0;
			defaultConfigurationName = Release;
		};
		CFAC29EA23257EBF0055DCFA /* Build configuration list for PBXNativeTarget "Contacts" */ = {
			isa = XCConfigurationList;
			buildConfigurations = (
				CFAC29EB23257EBF0055DCFA /* Debug */,
				CFAC29EC23257EBF0055DCFA /* Release */,
			);
			defaultConfigurationIsVisible = 0;
			defaultConfigurationName = Release;
		};
/* End XCConfigurationList section */
	};
	rootObject = CFAC29D023257EBE0055DCFA /* Project object */;
}
